
Microsoft Visual Studio Solution File, Format Version 12.00
# Visual Studio Version 16
VisualStudioVersion = 16.0.30204.135
MinimumVisualStudioVersion = 10.0.40219.1
Project("{FAE04EC0-301F-11D3-BF4B-00C04F79EFBC}") = "XmlTerParser", "XmlTerParser\XmlTerParser.csproj", "{C871B033-142E-49B2-ABE9-25344DD051A0}"
EndProject
Global
	GlobalSection(SolutionConfigurationPlatforms) = preSolution
		Debug|Any CPU = Debug|Any CPU
		Release|Any CPU = Release|Any CPU
	EndGlobalSection
	GlobalSection(ProjectConfigurationPlatforms) = postSolution
		{C871B033-142E-49B2-ABE9-25344DD051A0}.Debug|Any CPU.ActiveCfg = Debug|Any CPU
		{C871B033-142E-49B2-ABE9-25344DD051A0}.Debug|Any CPU.Build.0 = Debug|Any CPU
		{C871B033-142E-49B2-ABE9-25344DD051A0}.Release|Any CPU.ActiveCfg = Release|Any CPU
		{C871B033-142E-49B2-ABE9-25344DD051A0}.Release|Any CPU.Build.0 = Release|Any CPU
	EndGlobalSection
	GlobalSection(SolutionProperties) = preSolution
		HideSolutionNode = FALSE
	EndGlobalSection
	GlobalSection(ExtensibilityGlobals) = postSolution
		SolutionGuid = {4F43706D-7BD2-4AF6-AA24-8CA2F662348C}
	EndGlobalSection
EndGlobal
